
Microsoft Visual Studio Solution File, Format Version 12.00
# Visual Studio 15
VisualStudioVersion = 15.0.28010.2041
MinimumVisualStudioVersion = 10.0.40219.1
Project("{FAE04EC0-301F-11D3-BF4B-00C04F79EFBC}") = "WeatherApp", "WeatherApp\WeatherApp.csproj", "{46238830-C91B-42C4-A453-09BAED46D836}"
EndProject
Global
	GlobalSection(SolutionConfigurationPlatforms) = preSolution
		Debug|Any CPU = Debug|Any CPU
		Release|Any CPU = Release|Any CPU
	EndGlobalSection
	GlobalSection(ProjectConfigurationPlatforms) = postSolution
		{46238830-C91B-42C4-A453-09BAED46D836}.Debug|Any CPU.ActiveCfg = Debug|Any CPU
		{46238830-C91B-42C4-A453-09BAED46D836}.Debug|Any CPU.Build.0 = Debug|Any CPU
		{46238830-C91B-42C4-A453-09BAED46D836}.Debug|Any CPU.Deploy.0 = Debug|Any CPU
		{46238830-C91B-42C4-A453-09BAED46D836}.Release|Any CPU.ActiveCfg = Release|Any CPU
		{46238830-C91B-42C4-A453-09BAED46D836}.Release|Any CPU.Build.0 = Release|Any CPU
		{46238830-C91B-42C4-A453-09BAED46D836}.Release|Any CPU.Deploy.0 = Release|Any CPU
	EndGlobalSection
	GlobalSection(SolutionProperties) = preSolution
		HideSolutionNode = FALSE
	EndGlobalSection
	GlobalSection(ExtensibilityGlobals) = postSolution
		SolutionGuid = {6A7D0370-C49A-4C22-80D5-8359A9A409E5}
	EndGlobalSection
EndGlobal
